dependencies:
  espressif/esp_websocket_client:
    component_hash: ae561d39222a399ddda5e470913c3d54a3c0f53dce15b8d21a3aaa4226dd74b1
    source:
      service_url: https://api.components.espressif.com/
      type: service
    version: 1.2.3
  espressif/led_strip:
    component_hash: 67d2744208e9c12d8b1992d21c979396c1726e57cb7e35e7c171c515be20f8ea
    source:
      service_url: https://api.components.espressif.com/
      type: service
    version: 2.5.3
  idf:
    component_hash: null
    source:
      type: idf
    version: 5.2.1
manifest_hash: 3663e1ec6f15262a1a64ee530b9143fc723e77811c9bbbb27b91d8c84f131d46
target: esp32c6
version: 1.0.0
